
Microsoft Visual Studio Solution File, Format Version 11.00
# Visual Studio 2010
Project("{FAE04EC0-301F-11D3-BF4B-00C04F79EFBC}") = "WFTester", "WFTester\WFTester.csproj", "{E397FD7B-4151-4646-8C07-B826FD256DA0}"
EndProject
Project("{FAE04EC0-301F-11D3-BF4B-00C04F79EFBC}") = "ActiveDirectoryApp", "..\ActiveDirectoryApp\ActiveDirectoryApp.csproj", "{8DC91A4E-CA87-439C-AF19-96CAF66DAB88}"
EndProject
Project("{FAE04EC0-301F-11D3-BF4B-00C04F79EFBC}") = "Utilities", "..\ActiveUtilities\Utilities.csproj", "{11E511BA-22CC-41B0-B995-4D9BD23EF077}"
EndProject
Project("{FAE04EC0-301F-11D3-BF4B-00C04F79EFBC}") = "ActiveDirectory", "..\AD\ActiveDirectory.csproj", "{C7714415-1F35-4842-99EC-3ECF9B6F4C72}"
EndProject
Project("{FAE04EC0-301F-11D3-BF4B-00C04F79EFBC}") = "AutomationLib", "..\AutomationLib\AutomationLib.csproj", "{10A02828-6F7E-4C1D-BA73-2D0755316BE1}"
EndProject
Project("{FAE04EC0-301F-11D3-BF4B-00C04F79EFBC}") = "WindowsApis", "..\WindowsApis\WindowsApis.csproj", "{301A3C46-5B19-4E44-AB2D-8B33F8EECB2B}"
EndProject
Project("{FAE04EC0-301F-11D3-BF4B-00C04F79EFBC}") = "DataConnections", "..\DataConnections\DataConnections.csproj", "{F18B2E3E-D617-4789-BAEA-60EE6CF52D24}"
EndProject
Global
	GlobalSection(SolutionConfigurationPlatforms) = preSolution
		Debug|Any CPU = Debug|Any CPU
		Debug|Mixed Platforms = Debug|Mixed Platforms
		Debug|x86 = Debug|x86
		Release|Any CPU = Release|Any CPU
		Release|Mixed Platforms = Release|Mixed Platforms
		Release|x86 = Release|x86
	EndGlobalSection
	GlobalSection(ProjectConfigurationPlatforms) = postSolution
		{E397FD7B-4151-4646-8C07-B826FD256DA0}.Debug|Any CPU.ActiveCfg = Debug|x86
		{E397FD7B-4151-4646-8C07-B826FD256DA0}.Debug|Mixed Platforms.ActiveCfg = Debug|x86
		{E397FD7B-4151-4646-8C07-B826FD256DA0}.Debug|Mixed Platforms.Build.0 = Debug|x86
		{E397FD7B-4151-4646-8C07-B826FD256DA0}.Debug|x86.ActiveCfg = Debug|x86
		{E397FD7B-4151-4646-8C07-B826FD256DA0}.Debug|x86.Build.0 = Debug|x86
		{E397FD7B-4151-4646-8C07-B826FD256DA0}.Release|Any CPU.ActiveCfg = Release|x86
		{E397FD7B-4151-4646-8C07-B826FD256DA0}.Release|Mixed Platforms.ActiveCfg = Release|x86
		{E397FD7B-4151-4646-8C07-B826FD256DA0}.Release|Mixed Platforms.Build.0 = Release|x86
		{E397FD7B-4151-4646-8C07-B826FD256DA0}.Release|x86.ActiveCfg = Release|x86
		{E397FD7B-4151-4646-8C07-B826FD256DA0}.Release|x86.Build.0 = Release|x86
		{8DC91A4E-CA87-439C-AF19-96CAF66DAB88}.Debug|Any CPU.ActiveCfg = Debug|Any CPU
		{8DC91A4E-CA87-439C-AF19-96CAF66DAB88}.Debug|Any CPU.Build.0 = Debug|Any CPU
		{8DC91A4E-CA87-439C-AF19-96CAF66DAB88}.Debug|Mixed Platforms.ActiveCfg = Debug|Any CPU
		{8DC91A4E-CA87-439C-AF19-96CAF66DAB88}.Debug|Mixed Platforms.Build.0 = Debug|Any CPU
		{8DC91A4E-CA87-439C-AF19-96CAF66DAB88}.Debug|x86.ActiveCfg = Debug|Any CPU
		{8DC91A4E-CA87-439C-AF19-96CAF66DAB88}.Release|Any CPU.ActiveCfg = Release|Any CPU
		{8DC91A4E-CA87-439C-AF19-96CAF66DAB88}.Release|Any CPU.Build.0 = Release|Any CPU
		{8DC91A4E-CA87-439C-AF19-96CAF66DAB88}.Release|Mixed Platforms.ActiveCfg = Release|Any CPU
		{8DC91A4E-CA87-439C-AF19-96CAF66DAB88}.Release|Mixed Platforms.Build.0 = Release|Any CPU
		{8DC91A4E-CA87-439C-AF19-96CAF66DAB88}.Release|x86.ActiveCfg = Release|Any CPU
		{11E511BA-22CC-41B0-B995-4D9BD23EF077}.Debug|Any CPU.ActiveCfg = Debug|Any CPU
		{11E511BA-22CC-41B0-B995-4D9BD23EF077}.Debug|Any CPU.Build.0 = Debug|Any CPU
		{11E511BA-22CC-41B0-B995-4D9BD23EF077}.Debug|Mixed Platforms.ActiveCfg = Debug|Any CPU
		{11E511BA-22CC-41B0-B995-4D9BD23EF077}.Debug|Mixed Platforms.Build.0 = Debug|Any CPU
		{11E511BA-22CC-41B0-B995-4D9BD23EF077}.Debug|x86.ActiveCfg = Debug|Any CPU
		{11E511BA-22CC-41B0-B995-4D9BD23EF077}.Release|Any CPU.ActiveCfg = Release|Any CPU
		{11E511BA-22CC-41B0-B995-4D9BD23EF077}.Release|Any CPU.Build.0 = Release|Any CPU
		{11E511BA-22CC-41B0-B995-4D9BD23EF077}.Release|Mixed Platforms.ActiveCfg = Release|Any CPU
		{11E511BA-22CC-41B0-B995-4D9BD23EF077}.Release|Mixed Platforms.Build.0 = Release|Any CPU
		{11E511BA-22CC-41B0-B995-4D9BD23EF077}.Release|x86.ActiveCfg = Release|Any CPU
		{C7714415-1F35-4842-99EC-3ECF9B6F4C72}.Debug|Any CPU.ActiveCfg = Debug|Any CPU
		{C7714415-1F35-4842-99EC-3ECF9B6F4C72}.Debug|Any CPU.Build.0 = Debug|Any CPU
		{C7714415-1F35-4842-99EC-3ECF9B6F4C72}.Debug|Mixed Platforms.ActiveCfg = Debug|Any CPU
		{C7714415-1F35-4842-99EC-3ECF9B6F4C72}.Debug|Mixed Platforms.Build.0 = Debug|Any CPU
		{C7714415-1F35-4842-99EC-3ECF9B6F4C72}.Debug|x86.ActiveCfg = Debug|Any CPU
		{C7714415-1F35-4842-99EC-3ECF9B6F4C72}.Release|Any CPU.ActiveCfg = Release|Any CPU
		{C7714415-1F35-4842-99EC-3ECF9B6F4C72}.Release|Any CPU.Build.0 = Release|Any CPU
		{C7714415-1F35-4842-99EC-3ECF9B6F4C72}.Release|Mixed Platforms.ActiveCfg = Release|Any CPU
		{C7714415-1F35-4842-99EC-3ECF9B6F4C72}.Release|Mixed Platforms.Build.0 = Release|Any CPU
		{C7714415-1F35-4842-99EC-3ECF9B6F4C72}.Release|x86.ActiveCfg = Release|Any CPU
		{10A02828-6F7E-4C1D-BA73-2D0755316BE1}.Debug|Any CPU.ActiveCfg = Debug|Any CPU
		{10A02828-6F7E-4C1D-BA73-2D0755316BE1}.Debug|Any CPU.Build.0 = Debug|Any CPU
		{10A02828-6F7E-4C1D-BA73-2D0755316BE1}.Debug|Mixed Platforms.ActiveCfg = Debug|Any CPU
		{10A02828-6F7E-4C1D-BA73-2D0755316BE1}.Debug|Mixed Platforms.Build.0 = Debug|Any CPU
		{10A02828-6F7E-4C1D-BA73-2D0755316BE1}.Debug|x86.ActiveCfg = Debug|Any CPU
		{10A02828-6F7E-4C1D-BA73-2D0755316BE1}.Release|Any CPU.ActiveCfg = Release|Any CPU
		{10A02828-6F7E-4C1D-BA73-2D0755316BE1}.Release|Any CPU.Build.0 = Release|Any CPU
		{10A02828-6F7E-4C1D-BA73-2D0755316BE1}.Release|Mixed Platforms.ActiveCfg = Release|Any CPU
		{10A02828-6F7E-4C1D-BA73-2D0755316BE1}.Release|Mixed Platforms.Build.0 = Release|Any CPU
		{10A02828-6F7E-4C1D-BA73-2D0755316BE1}.Release|x86.ActiveCfg = Release|Any CPU
		{301A3C46-5B19-4E44-AB2D-8B33F8EECB2B}.Debug|Any CPU.ActiveCfg = Debug|Any CPU
		{301A3C46-5B19-4E44-AB2D-8B33F8EECB2B}.Debug|Any CPU.Build.0 = Debug|Any CPU
		{301A3C46-5B19-4E44-AB2D-8B33F8EECB2B}.Debug|Mixed Platforms.ActiveCfg = Debug|Any CPU
		{301A3C46-5B19-4E44-AB2D-8B33F8EECB2B}.Debug|Mixed Platforms.Build.0 = Debug|Any CPU
		{301A3C46-5B19-4E44-AB2D-8B33F8EECB2B}.Debug|x86.ActiveCfg = Debug|Any CPU
		{301A3C46-5B19-4E44-AB2D-8B33F8EECB2B}.Release|Any CPU.ActiveCfg = Release|Any CPU
		{301A3C46-5B19-4E44-AB2D-8B33F8EECB2B}.Release|Any CPU.Build.0 = Release|Any CPU
		{301A3C46-5B19-4E44-AB2D-8B33F8EECB2B}.Release|Mixed Platforms.ActiveCfg = Release|Any CPU
		{301A3C46-5B19-4E44-AB2D-8B33F8EECB2B}.Release|Mixed Platforms.Build.0 = Release|Any CPU
		{301A3C46-5B19-4E44-AB2D-8B33F8EECB2B}.Release|x86.ActiveCfg = Release|Any CPU
		{F18B2E3E-D617-4789-BAEA-60EE6CF52D24}.Debug|Any CPU.ActiveCfg = Debug|Any CPU
		{F18B2E3E-D617-4789-BAEA-60EE6CF52D24}.Debug|Any CPU.Build.0 = Debug|Any CPU
		{F18B2E3E-D617-4789-BAEA-60EE6CF52D24}.Debug|Mixed Platforms.ActiveCfg = Debug|Any CPU
		{F18B2E3E-D617-4789-BAEA-60EE6CF52D24}.Debug|Mixed Platforms.Build.0 = Debug|Any CPU
		{F18B2E3E-D617-4789-BAEA-60EE6CF52D24}.Debug|x86.ActiveCfg = Debug|Any CPU
		{F18B2E3E-D617-4789-BAEA-60EE6CF52D24}.Release|Any CPU.ActiveCfg = Release|Any CPU
		{F18B2E3E-D617-4789-BAEA-60EE6CF52D24}.Release|Any CPU.Build.0 = Release|Any CPU
		{F18B2E3E-D617-4789-BAEA-60EE6CF52D24}.Release|Mixed Platforms.ActiveCfg = Release|Any CPU
		{F18B2E3E-D617-4789-BAEA-60EE6CF52D24}.Release|Mixed Platforms.Build.0 = Release|Any CPU
		{F18B2E3E-D617-4789-BAEA-60EE6CF52D24}.Release|x86.ActiveCfg = Release|Any CPU
	EndGlobalSection
	GlobalSection(SolutionProperties) = preSolution
		HideSolutionNode = FALSE
	EndGlobalSection
EndGlobal
